github.com/RaveNoX/go-jsoncommentstrip v1.0.0/go.mod h1:78ihd09MekBnJnxpICcwzCMzGrKSKYe4AqU6PDYYpjk=
github.com/apapsch/go-jsonmerge/v2 v2.0.0 h1:axGnT1gRIfimI7gJifB699GoE/oq+F2MU7Dml6nw9rQ=
github.com/apapsch/go-jsonmerge/v2 v2.0.0/go.mod h1:lvDnEdqiQrp0O42VQGgmlKpxL1AP2+08jFMw88y4klk=
github.com/aws/aws-lambda-go v1.49.0 h1:z4VhTqkFZPM3xpEtTqWqRqsRH4TZBMJqTkRiBPYLqIQ=
github.com/aws/aws-lambda-go v1.49.0/go.mod h1:dpMpZgvWx5vuQJfBt0zqBha60q7Dd7RfgJv23DymV8A=
github.com/aws/aws-sdk-go v1.55.8 h1:JRmEUbU52aJQZ2AjX4q4Wu7t4uZjOu71uyNmaWlUkJQ=
github.com/aws/aws-sdk-go v1.55.8/go.mod h1:ZkViS9AqA6otK+JBBNH2++sx1sgxrPKcSzPPvQkUtXk=
github.com/aws/aws-sdk-go-v2 v1.38.0 h1:UCRQ5mlqcFk9HJDIqENSLR3wiG1VTWlyUfLDEvY7RxU=
github.com/aws/aws-sdk-go-v2 v1.38.0/go.mod h1:9Q0OoGQoboYIAJyslFyF1f5K1Ryddop8gqMhWx/n4Wg=
github.com/aws/aws-sdk-go-v2 v1.38.3 h1:B6cV4oxnMs45fql4yRH+/Po/YU+597zgWqvDpYMturk=
github.com/aws/aws-sdk-go-v2 v1.38.3/go.mod h1:sDioUELIUO9Znk23YVmIk86/9DOpkbyyVb1i/gUNFXY=
github.com/aws/aws-sdk-go-v2/aws/protocol/eventstream v1.7.1 h1:i8p8P4diljCr60PpJp6qZXNlgX4m2yQFpYk+9ZT+J4E=
github.com/aws/aws-sdk-go-v2/aws/protocol/eventstream v1.7.1/go.mod h1:ddqbooRZYNoJ2dsTwOty16rM+/Aqmk/GOXrK8cg7V00=
github.com/aws/aws-sdk-go-v2/config v1.31.0 h1:9yH0xiY5fUnVNLRWO0AtayqwU1ndriZdN78LlhruJR4=
github.com/aws/aws-sdk-go-v2/config v1.31.0/go.mod h1:VeV3K72nXnhbe4EuxxhzsDc/ByrCSlZwUnWH52Nde/I=
github.com/aws/aws-sdk-go-v2/credentials v1.18.4 h1:IPd0Algf1b+Qy9BcDp0sCUcIWdCQPSzDoMK3a8pcbUM=
github.com/aws/aws-sdk-go-v2/credentials v1.18.4/go.mod h1:nwg78FjH2qvsRM1EVZlX9WuGUJOL5od+0qvm0adEzHk=
github.com/aws/aws-sdk-go-v2/feature/dynamodb/attributevalue v1.20.3 h1:RrxJ6g7+jG1lY2nhn7GlRiW4vITuYlfwh/PrW5d84S0=
github.com/aws/aws-sdk-go-v2/feature/dynamodb/attributevalue v1.20.3/go.mod h1:e4y84j44vA9IFksSDDuAtNj9t3W20iJlsbXhbo/JU10=
github.com/aws/aws-sdk-go-v2/feature/ec2/imds v1.18.3 h1:GicIdnekoJsjq9wqnvyi2elW6CGMSYKhdozE7/Svh78=
github.com/aws/aws-sdk-go-v2/feature/ec2/imds v1.18.3/go.mod h1:R7BIi6WNC5mc1kfRM7XM/VHC3uRWkjc396sfabq4iOo=
github.com/aws/aws-sdk-go-v2/internal/configsources v1.4.3 h1:o9RnO+YZ4X+kt5Z7Nvcishlz0nksIt2PIzDglLMP0vA=
github.com/aws/aws-sdk-go-v2/internal/configsources v1.4.3/go.mod h1:+6aLJzOG1fvMOyzIySYjOFjcguGvVRL68R+uoRencN4=
github.com/aws/aws-sdk-go-v2/internal/configsources v1.4.6 h1:uF68eJA6+S9iVr9WgX1NaRGyQ/6MdIyc4JNUo6TN1FA=
github.com/aws/aws-sdk-go-v2/internal/configsources v1.4.6/go.mod h1:qlPeVZCGPiobx8wb1ft0GHT5l+dc6ldnwInDFaMvC7Y=
github.com/aws/aws-sdk-go-v2/internal/endpoints/v2 v2.7.3 h1:joyyUFhiTQQmVK6ImzNU9TQSNRNeD9kOklqTzyk5v6s=
github.com/aws/aws-sdk-go-v2/internal/endpoints/v2 v2.7.3/go.mod h1:+vNIyZQP3b3B1tSLI0lxvrU9cfM7gpdRXMFfm67ZcPc=
github.com/aws/aws-sdk-go-v2/internal/endpoints/v2 v2.7.6 h1:pa1DEC6JoI0zduhZePp3zmhWvk/xxm4NB8Hy/Tlsgos=
github.com/aws/aws-sdk-go-v2/internal/endpoints/v2 v2.7.6/go.mod h1:gxEjPebnhWGJoaDdtDkA0JX46VRg1wcTHYe63OfX5pE=
github.com/aws/aws-sdk-go-v2/internal/ini v1.8.3 h1:bIqFDwgGXXN1Kpp99pDOdKMTTb5d2KyU5X/BZxjOkRo=
github.com/aws/aws-sdk-go-v2/internal/ini v1.8.3/go.mod h1:H5O/EsxDWyU+LP/V8i5sm8cxoZgc2fdNR9bxlOFrQTo=
github.com/aws/aws-sdk-go-v2/internal/v4a v1.4.6 h1:R0tNFJqfjHL3900cqhXuwQ+1K4G0xc9Yf8EDbFXCKEw=
github.com/aws/aws-sdk-go-v2/internal/v4a v1.4.6/go.mod h1:y/7sDdu+aJvPtGXr4xYosdpq9a6T9Z0jkXfugmti0rI=
github.com/aws/aws-sdk-go-v2/service/dynamodb v1.47.0 h1:A5zeikrrAgz3YtNzhMat4K8hK/CFzOjFKLVk8pI7Cz8=
github.com/aws/aws-sdk-go-v2/service/dynamodb v1.47.0/go.mod h1:tMQ/Edfn5xLcBFSVd3JDreJPias8GqBq0dVbCbMz9vs=
github.com/aws/aws-sdk-go-v2/service/dynamodbstreams v1.29.0 h1:SNys2IbAlovw/c/7Q+f0GXlSMnY/vML5Ex9LStTF0Zc=
github.com/aws/aws-sdk-go-v2/service/dynamodbstreams v1.29.0/go.mod h1:GoaIvEhueZB2eDyU7wV8m9K6Wez1e3Pt4f0JrAyIr08=
github.com/aws/aws-sdk-go-v2/service/internal/accept-encoding v1.13.0 h1:6+lZi2JeGKtCraAj1rpoZfKqnQ9SptseRZioejfUOLM=
github.com/aws/aws-sdk-go-v2/service/internal/accept-encoding v1.13.0/go.mod h1:eb3gfbVIxIoGgJsi9pGne19dhCBpK6opTYpQqAmdy44=
github.com/aws/aws-sdk-go-v2/service/internal/accept-encoding v1.13.1 h1:oegbebPEMA/1Jny7kvwejowCaHz1FWZAQ94WXFNCyTM=
github.com/aws/aws-sdk-go-v2/service/internal/accept-encoding v1.13.1/go.mod h1:kemo5Myr9ac0U9JfSjMo9yHLtw+pECEHsFtJ9tqCEI8=
github.com/aws/aws-sdk-go-v2/service/internal/checksum v1.8.6 h1:hncKj/4gR+TPauZgTAsxOxNcvBayhUlYZ6LO/BYiQ30=
github.com/aws/aws-sdk-go-v2/service/internal/checksum v1.8.6/go.mod h1:OiIh45tp6HdJDDJGnja0mw8ihQGz3VGrUflLqSL0SmM=
github.com/aws/aws-sdk-go-v2/service/internal/endpoint-discovery v1.11.3 h1:xMmJPUT0G1q9+I0mzH4B6oN9fB5PkDoD+jvpVIcom1I=
github.com/aws/aws-sdk-go-v2/service/internal/endpoint-discovery v1.11.3/go.mod h1:U0JFMTY/gPxV07XTXXz152nX0Hg1eBenzyslKF2j4j4=
github.com/aws/aws-sdk-go-v2/service/internal/presigned-url v1.13.3 h1:ieRzyHXypu5ByllM7Sp4hC5f/1Fy5wqxqY0yB85hC7s=
github.com/aws/aws-sdk-go-v2/service/internal/presigned-url v1.13.3/go.mod h1:O5ROz8jHiOAKAwx179v+7sHMhfobFVi6nZt8DEyiYoM=
github.com/aws/aws-sdk-go-v2/service/internal/presigned-url v1.13.6 h1:LHS1YAIJXJ4K9zS+1d/xa9JAA9sL2QyXIQCQFQW/X08=
github.com/aws/aws-sdk-go-v2/service/internal/presigned-url v1.13.6/go.mod h1:c9PCiTEuh0wQID5/KqA32J+HAgZxN9tOGXKCiYJjTZI=
github.com/aws/aws-sdk-go-v2/service/internal/s3shared v1.19.6 h1:nEXUSAwyUfLTgnc9cxlDWy637qsq4UWwp3sNAfl0Z3Y=
github.com/aws/aws-sdk-go-v2/service/internal/s3shared v1.19.6/go.mod h1:HGzIULx4Ge3Do2V0FaiYKcyKzOqwrhUZgCI77NisswQ=
github.com/aws/aws-sdk-go-v2/service/s3 v1.87.3 h1:ETkfWcXP2KNPLecaDa++5bsQhCRa5M5sLUJa5DWYIIg=
github.com/aws/aws-sdk-go-v2/service/s3 v1.87.3/go.mod h1:+/3ZTqoYb3Ur7DObD00tarKMLMuKg8iqz5CHEanqTnw=
github.com/aws/aws-sdk-go-v2/service/sso v1.28.0 h1:Mc/MKBf2m4VynyJkABoVEN+QzkfLqGj0aiJuEe7cMeM=
github.com/aws/aws-sdk-go-v2/service/sso v1.28.0/go.mod h1:iS5OmxEcN4QIPXARGhavH7S8kETNL11kym6jhoS7IUQ=
github.com/aws/aws-sdk-go-v2/service/ssooidc v1.33.0 h1:6csaS/aJmqZQbKhi1EyEMM7yBW653Wy/B9hnBofW+sw=
github.com/aws/aws-sdk-go-v2/service/ssooidc v1.33.0/go.mod h1:59qHWaY5B+Rs7HGTuVGaC32m0rdpQ68N8QCN3khYiqs=
github.com/aws/aws-sdk-go-v2/service/sts v1.37.0 h1:MG9VFW43M4A8BYeAfaJJZWrroinxeTi2r3+SnmLQfSA=
github.com/aws/aws-sdk-go-v2/service/sts v1.37.0/go.mod h1:JdeBDPgpJfuS6rU/hNglmOigKhyEZtBmbraLE4GK1J8=
github.com/aws/smithy-go v1.22.5 h1:P9ATCXPMb2mPjYBgueqJNCA5S9UfktsW0tTxi+a7eqw=
github.com/aws/smithy-go v1.22.5/go.mod h1:t1ufH5HMublsJYulve2RKmHDC15xu1f26kHCp/HgceI=
github.com/aws/smithy-go v1.23.0 h1:8n6I3gXzWJB2DxBDnfxgBaSX6oe0d/t10qGz7OKqMCE=
github.com/aws/smithy-go v1.23.0/go.mod h1:t1ufH5HMublsJYulve2RKmHDC15xu1f26kHCp/HgceI=
github.com/bmatcuk/doublestar v1.1.1/go.mod h1:UD6OnuiIn0yFxxA2le/rnRU1G4RaI4UvFv1sNto9p6w=
github.com/davecgh/go-spew v1.1.0/go.mod h1:J7Y8YcW2NihsgmVo/mv3lAwl/skON4iLHjSsI+c5H38=
github.com/google/uuid v1.6.0 h1:NIvaJDMOsjHA8n1jAhLSgzrAzy1Hgr+hNrb57e+94F0=
github.com/google/uuid v1.6.0/go.mod h1:TIyPZe4MgqvfeYDBFedMoGGpEw/LqOeaOT+nhxU+yHo=
github.com/jmespath/go-jmespath v0.4.0 h1:BEgLn5cpjn8UN1mAw4NjwDrS35OdebyEtFe+9YPoQUg=
github.com/jmespath/go-jmespath v0.4.0/go.mod h1:T8mJZnbsbmF+m6zOOFylbeCJqk5+pHWvzYPziyZiYoo=
github.com/jmespath/go-jmespath/internal/testify v1.5.1/go.mod h1:L3OGu8Wl2/fWfCI6z80xFu9LTZmf1ZRjMHUOPmWr69U=
github.com/juju/gnuflag v0.0.0-20171113085948-2ce1bb71843d/go.mod h1:2PavIy+JPciBPrBUjwbNvtwB6RQlve+hkpll6QSNmOE=
github.com/oapi-codegen/runtime v1.2.0 h1:RvKc1CVS1QeKSNzO97FBQbSMZyQ8s6rZd+LpmzwHMP4=
github.com/oapi-codegen/runtime v1.2.0/go.mod h1:Y7ZhmmlE8ikZOmuHRRndiIm7nf3xcVv+YMweKgG1DT0=
github.com/pmezard/go-difflib v1.0.0/go.mod h1:iKH77koFhYxTK1pcRnkKkqfTogsbg7gZNVY4sRDYZ/4=
github.com/spkg/bom v0.0.0-20160624110644-59b7046e48ad/go.mod h1:qLr4V1qq6nMqFKkMo8ZTx3f+BZEkzsRUY10Xsm2mwU0=
github.com/stretchr/objx v0.1.0/go.mod h1:HFkY916IF+rwdDfMAkV7OtwuqBVzrE8GR6GFx+wExME=
github.com/stretchr/testify v1.3.0/go.mod h1:M5WIy9Dh21IEIfnGCwXGc5bZfKNJtfHm1UVUgZn+9EI=
gopkg.in/check.v1 v0.0.0-20161208181325-20d25e280405/go.mod h1:Co6ibVJAznAaIkqp8huTwlJQCZ016jof/cbN4VW5Yz0=
gopkg.in/yaml.v2 v2.2.8/go.mod h1:hI93XBmqTisBFMUTm0b8Fm+jr3Dg1NNxqwp+5A1VGuI=
